<?xml version="1.0" encoding="UTF-8" standalone="yes" ?>
<CodeBlocks_project_file>
	<FileVersion major="1" minor="6" />
	<Project>
		<Option title="EdvardGame" />
		<Option pch_mode="2" />
		<Option compiler="gcc" />
		<Build>
			<Target title="Debug">
				<Option output="bin/Debug/EdvardGame" prefix_auto="1" extension_auto="1" />
				<Option object_output="obj/Debug/" />
				<Option type="1" />
				<Option compiler="gcc" />
				<Compiler>
					<Add option="-g" />
					<Add directory="include" />
				</Compiler>
			</Target>
			<Target title="Release">
				<Option output="bin/Release/EdvardGame" prefix_auto="1" extension_auto="1" />
				<Option object_output="obj/Release/" />
				<Option type="1" />
				<Option compiler="gcc" />
				<Compiler>
					<Add option="-O2" />
					<Add directory="include" />
				</Compiler>
				<Linker>
					<Add option="-s" />
				</Linker>
			</Target>
		</Build>
		<Compiler>
			<Add option="-Wall" />
			<Add option="-std=c++14" />
			<Add option="-fexceptions" />
			<Add directory="external/include" />
		</Compiler>
		<Linker>
			<Add library="opengl32" />
			<Add library="glew32" />
			<Add library="glfw3" />
			<Add library="gdi32" />
			<Add library="libassimp" />
			<Add library="libfreetype" />
			<Add directory="external/lib" />
		</Linker>
		<Unit filename="include/animation.hpp" />
		<Unit filename="include/box.hpp" />
		<Unit filename="include/buffer.hpp" />
		<Unit filename="include/camera.hpp" />
		<Unit filename="include/directional_light.hpp" />
		<Unit filename="include/game.hpp" />
		<Unit filename="include/icosahedron.hpp" />
		<Unit filename="include/input.hpp" />
		<Unit filename="include/mesh.hpp" />
		<Unit filename="include/node.hpp" />
		<Unit filename="include/normal_quad.hpp" />
		<Unit filename="include/particle_emitter.hpp" />
		<Unit filename="include/point_light.hpp" />
		<Unit filename="include/quad.hpp" />
		<Unit filename="include/quad_tess.hpp" />
		<Unit filename="include/race.hpp" />
		<Unit filename="include/scene_loader.hpp" />
		<Unit filename="include/shader.hpp" />
		<Unit filename="include/skeletal.hpp" />
		<Unit filename="include/skybox.hpp" />
		<Unit filename="include/temp_box.hpp" />
		<Unit filename="include/terrain.hpp" />
		<Unit filename="include/text.hpp" />
		<Unit filename="include/texture.hpp" />
		<Unit filename="include/vertex_array.hpp" />
		<Unit filename="include/window.hpp" />
		<Unit filename="shaders/anim.fs" />
		<Unit filename="shaders/anim.vs" />
		<Unit filename="shaders/backface.fs" />
		<Unit filename="shaders/backface.geo" />
		<Unit filename="shaders/backface.vs" />
		<Unit filename="shaders/basic.fs" />
		<Unit filename="shaders/basic.vs" />
		<Unit filename="shaders/billboard.fs" />
		<Unit filename="shaders/billboard.vs" />
		<Unit filename="shaders/normal.fs" />
		<Unit filename="shaders/normal.vs" />
		<Unit filename="shaders/phong.fs" />
		<Unit filename="shaders/phong.vs" />
		<Unit filename="shaders/skybox.fs" />
		<Unit filename="shaders/skybox.vs" />
		<Unit filename="shaders/terrain.fs" />
		<Unit filename="shaders/terrain.vs" />
		<Unit filename="src/animation.cpp" />
		<Unit filename="src/box.cpp" />
		<Unit filename="src/buffer.cpp" />
		<Unit filename="src/camera.cpp" />
		<Unit filename="src/directional_light.cpp" />
		<Unit filename="src/game.cpp" />
		<Unit filename="src/icosahedron.cpp" />
		<Unit filename="src/input.cpp" />
		<Unit filename="src/main.cpp" />
		<Unit filename="src/mesh.cpp" />
		<Unit filename="src/node.cpp" />
		<Unit filename="src/normal_quad.cpp" />
		<Unit filename="src/particle_emitter.cpp" />
		<Unit filename="src/point_light.cpp" />
		<Unit filename="src/quad.cpp" />
		<Unit filename="src/quad_tess.cpp" />
		<Unit filename="src/race.cpp" />
		<Unit filename="src/scene_loader.cpp" />
		<Unit filename="src/shader.cpp" />
		<Unit filename="src/skeletal.cpp" />
		<Unit filename="src/skybox.cpp" />
		<Unit filename="src/temp_box.cpp" />
		<Unit filename="src/terrain.cpp" />
		<Unit filename="src/text.cpp" />
		<Unit filename="src/texture.cpp" />
		<Unit filename="src/vertex_array.cpp" />
		<Unit filename="src/window.cpp" />
		<Extensions>
			<code_completion />
			<envvars />
			<debugger />
			<lib_finder disable_auto="1" />
		</Extensions>
	</Project>
</CodeBlocks_project_file>
